
Microsoft Visual Studio Solution File, Format Version 12.00
# Visual Studio Version 16
VisualStudioVersion = 16.0.30523.141
MinimumVisualStudioVersion = 10.0.40219.1
Project("{FAE04EC0-301F-11D3-BF4B-00C04F79EFBC}") = "GrpcGreeterClient", "GrpcGreeterClient.csproj", "{1CB82B80-C62F-480E-BA70-839885EE633F}"
EndProject
Global
	GlobalSection(SolutionConfigurationPlatforms) = preSolution
		Debug|Any CPU = Debug|Any CPU
		Release|Any CPU = Release|Any CPU
	EndGlobalSection
	GlobalSection(ProjectConfigurationPlatforms) = postSolution
		{1CB82B80-C62F-480E-BA70-839885EE633F}.Debug|Any CPU.ActiveCfg = Debug|Any CPU
		{1CB82B80-C62F-480E-BA70-839885EE633F}.Debug|Any CPU.Build.0 = Debug|Any CPU
		{1CB82B80-C62F-480E-BA70-839885EE633F}.Release|Any CPU.ActiveCfg = Release|Any CPU
		{1CB82B80-C62F-480E-BA70-839885EE633F}.Release|Any CPU.Build.0 = Release|Any CPU
	EndGlobalSection
	GlobalSection(SolutionProperties) = preSolution
		HideSolutionNode = FALSE
	EndGlobalSection
	GlobalSection(ExtensibilityGlobals) = postSolution
		SolutionGuid = {31CF91E3-7C0F-4D52-A2FE-BF5BC5AC1773}
	EndGlobalSection
EndGlobal
